PODS:
  - SSnakePageControl (0.1.0)

DEPENDENCIES:
  - SSnakePageControl (from `../`)

EXTERNAL SOURCES:
  SSnakePageControl:
    :path: "../"

SPEC CHECKSUMS:
  SSnakePageControl: 063b2008ecce9d8c102badc748f86053ef0e8c87

PODFILE CHECKSUM: ad160f8281ebcd2ba41980934a927f99ce4d5b9e

COCOAPODS: 1.12.0
